// !$*UTF8*$!
{
	archiveVersion = 1;
	classes = {
	};
	objectVersion = 56;
	objects = {

/* Begin PBXBuildFile section */
		8035CB9429DC3C5C00F03E02 /* AppDelegate.swift in Sources */ = {isa = PBXBuildFile; fileRef = 8035CB9329DC3C5C00F03E02 /* AppDelegate.swift */; };
		8035CB9629DC3C5C00F03E02 /* SceneDelegate.swift in Sources */ = {isa = PBXBuildFile; fileRef = 8035CB9529DC3C5C00F03E02 /* SceneDelegate.swift */; };
		8035CB9D29DC3C5D00F03E02 /* Assets.xcassets in Resources */ = {isa = PBXBuildFile; fileRef = 8035CB9C29DC3C5D00F03E02 /* Assets.xcassets */; };
		8035CBA029DC3C5D00F03E02 /* LaunchScreen.storyboard in Resources */ = {isa = PBXBuildFile; fileRef = 8035CB9E29DC3C5D00F03E02 /* LaunchScreen.storyboard */; };
		8035CBAC29DC3CC600F03E02 /* ListView.swift in Sources */ = {isa = PBXBuildFile; fileRef = 8035CBAB29DC3CC600F03E02 /* ListView.swift */; };
		8035CBAE29DC3CCC00F03E02 /* ListInteractor.swift in Sources */ = {isa = PBXBuildFile; fileRef = 8035CBAD29DC3CCC00F03E02 /* ListInteractor.swift */; };
		8035CBB029DC3CD200F03E02 /* ListPresenter.swift in Sources */ = {isa = PBXBuildFile; fileRef = 8035CBAF29DC3CD200F03E02 /* ListPresenter.swift */; };
		8035CBB229DC3CE200F03E02 /* ListEntity.swift in Sources */ = {isa = PBXBuildFile; fileRef = 8035CBB129DC3CE200F03E02 /* ListEntity.swift */; };
		8035CBB429DC3CE900F03E02 /* ListRouter.swift in Sources */ = {isa = PBXBuildFile; fileRef = 8035CBB329DC3CE900F03E02 /* ListRouter.swift */; };
		8035CBB829DC3FAB00F03E02 /* NetoworkHelper.swift in Sources */ = {isa = PBXBuildFile; fileRef = 8035CBB729DC3FAB00F03E02 /* NetoworkHelper.swift */; };
		8035CBBA29DC407200F03E02 /* NetworkManager.swift in Sources */ = {isa = PBXBuildFile; fileRef = 8035CBB929DC407200F03E02 /* NetworkManager.swift */; };
		80CA955429DC7DDC00E11D9F /* DetailView.swift in Sources */ = {isa = PBXBuildFile; fileRef = 80CA955329DC7DDC00E11D9F /* DetailView.swift */; };
		80CA955629DC7DE400E11D9F /* DetailInteractor.swift in Sources */ = {isa = PBXBuildFile; fileRef = 80CA955529DC7DE400E11D9F /* DetailInteractor.swift */; };
		80CA955829DC7DEB00E11D9F /* DetailPresenter.swift in Sources */ = {isa = PBXBuildFile; fileRef = 80CA955729DC7DEB00E11D9F /* DetailPresenter.swift */; };
		80CA955C29DC7E0C00E11D9F /* DetailRouter.swift in Sources */ = {isa = PBXBuildFile; fileRef = 80CA955B29DC7E0C00E11D9F /* DetailRouter.swift */; };
		80CA955F29DDA39D00E11D9F /* VC+Alert.swift in Sources */ = {isa = PBXBuildFile; fileRef = 80CA955E29DDA39D00E11D9F /* VC+Alert.swift */; };
		80CA956229DDA44000E11D9F /* UILabel+Configure.swift in Sources */ = {isa = PBXBuildFile; fileRef = 80CA956129DDA44000E11D9F /* UILabel+Configure.swift */; };
/* End PBXBuildFile section */

/* Begin PBXFileReference section */
		8035CB9029DC3C5C00F03E02 /* NamesAndMeanings.app */ = {isa = PBXFileReference; explicitFileType = wrapper.application; includeInIndex = 0; path = NamesAndMeanings.app; sourceTree = BUILT_PRODUCTS_DIR; };
		8035CB9329DC3C5C00F03E02 /* AppDelegate.swift */ = {isa = PBXFileReference; lastKnownFileType = sourcecode.swift; path = AppDelegate.swift; sourceTree = "<group>"; };
		8035CB9529DC3C5C00F03E02 /* SceneDelegate.swift */ = {isa = PBXFileReference; lastKnownFileType = sourcecode.swift; path = SceneDelegate.swift; sourceTree = "<group>"; };
		8035CB9C29DC3C5D00F03E02 /* Assets.xcassets */ = {isa = PBXFileReference; lastKnownFileType = folder.assetcatalog; path = Assets.xcassets; sourceTree = "<group>"; };
		8035CB9F29DC3C5D00F03E02 /* Base */ = {isa = PBXFileReference; lastKnownFileType = file.storyboard; name = Base; path = Base.lproj/LaunchScreen.storyboard; sourceTree = "<group>"; };
		8035CBA129DC3C5D00F03E02 /* Info.plist */ = {isa = PBXFileReference; lastKnownFileType = text.plist.xml; path = Info.plist; sourceTree = "<group>"; };
		8035CBAB29DC3CC600F03E02 /* ListView.swift */ = {isa = PBXFileReference; lastKnownFileType = sourcecode.swift; path = ListView.swift; sourceTree = "<group>"; };
		8035CBAD29DC3CCC00F03E02 /* ListInteractor.swift */ = {isa = PBXFileReference; lastKnownFileType = sourcecode.swift; path = ListInteractor.swift; sourceTree = "<group>"; };
		8035CBAF29DC3CD200F03E02 /* ListPresenter.swift */ = {isa = PBXFileReference; lastKnownFileType = sourcecode.swift; path = ListPresenter.swift; sourceTree = "<group>"; };
		8035CBB129DC3CE200F03E02 /* ListEntity.swift */ = {isa = PBXFileReference; lastKnownFileType = sourcecode.swift; path = ListEntity.swift; sourceTree = "<group>"; };
		8035CBB329DC3CE900F03E02 /* ListRouter.swift */ = {isa = PBXFileReference; lastKnownFileType = sourcecode.swift; path = ListRouter.swift; sourceTree = "<group>"; };
		8035CBB729DC3FAB00F03E02 /* NetoworkHelper.swift */ = {isa = PBXFileReference; lastKnownFileType = sourcecode.swift; path = NetoworkHelper.swift; sourceTree = "<group>"; };
		8035CBB929DC407200F03E02 /* NetworkManager.swift */ = {isa = PBXFileReference; lastKnownFileType = sourcecode.swift; path = NetworkManager.swift; sourceTree = "<group>"; };
		80CA955329DC7DDC00E11D9F /* DetailView.swift */ = {isa = PBXFileReference; lastKnownFileType = sourcecode.swift; path = DetailView.swift; sourceTree = "<group>"; };
		80CA955529DC7DE400E11D9F /* DetailInteractor.swift */ = {isa = PBXFileReference; lastKnownFileType = sourcecode.swift; path = DetailInteractor.swift; sourceTree = "<group>"; };
		80CA955729DC7DEB00E11D9F /* DetailPresenter.swift */ = {isa = PBXFileReference; lastKnownFileType = sourcecode.swift; path = DetailPresenter.swift; sourceTree = "<group>"; };
		80CA955B29DC7E0C00E11D9F /* DetailRouter.swift */ = {isa = PBXFileReference; lastKnownFileType = sourcecode.swift; path = DetailRouter.swift; sourceTree = "<group>"; };
		80CA955E29DDA39D00E11D9F /* VC+Alert.swift */ = {isa = PBXFileReference; lastKnownFileType = sourcecode.swift; path = "VC+Alert.swift"; sourceTree = "<group>"; };
		80CA956129DDA44000E11D9F /* UILabel+Configure.swift */ = {isa = PBXFileReference; lastKnownFileType = sourcecode.swift; path = "UILabel+Configure.swift"; sourceTree = "<group>"; };
/* End PBXFileReference section */

/* Begin PBXFrameworksBuildPhase section */
		8035CB8D29DC3C5C00F03E02 /* Frameworks */ = {
			isa = PBXFrameworksBuildPhase;
			buildActionMask = 2147483647;
			files = (
			);
			runOnlyForDeploymentPostprocessing = 0;
		};
/* End PBXFrameworksBuildPhase section */

/* Begin PBXGroup section */
		8035CB8729DC3C5C00F03E02 = {
			isa = PBXGroup;
			children = (
				8035CB9229DC3C5C00F03E02 /* NamesAndMeanings */,
				8035CB9129DC3C5C00F03E02 /* Products */,
			);
			sourceTree = "<group>";
		};
		8035CB9129DC3C5C00F03E02 /* Products */ = {
			isa = PBXGroup;
			children = (
				8035CB9029DC3C5C00F03E02 /* NamesAndMeanings.app */,
			);
			name = Products;
			sourceTree = "<group>";
		};
		8035CB9229DC3C5C00F03E02 /* NamesAndMeanings */ = {
			isa = PBXGroup;
			children = (
				80CA956029DDA42A00E11D9F /* Extensions */,
				80CA955D29DC807300E11D9F /* Origin */,
				8035CBB529DC3F9D00F03E02 /* Network Layer */,
				8035CBA729DC3CA500F03E02 /* Modules */,
			);
			path = NamesAndMeanings;
			sourceTree = "<group>";
		};
		8035CBA729DC3CA500F03E02 /* Modules */ = {
			isa = PBXGroup;
			children = (
				8035CBA929DC3CB000F03E02 /* NameDetail */,
				8035CBA829DC3CA800F03E02 /* NamesList */,
			);
			path = Modules;
			sourceTree = "<group>";
		};
		8035CBA829DC3CA800F03E02 /* NamesList */ = {
			isa = PBXGroup;
			children = (
				8035CBAB29DC3CC600F03E02 /* ListView.swift */,
				8035CBAD29DC3CCC00F03E02 /* ListInteractor.swift */,
				8035CBAF29DC3CD200F03E02 /* ListPresenter.swift */,
				8035CBB129DC3CE200F03E02 /* ListEntity.swift */,
				8035CBB329DC3CE900F03E02 /* ListRouter.swift */,
			);
			path = NamesList;
			sourceTree = "<group>";
		};
		8035CBA929DC3CB000F03E02 /* NameDetail */ = {
			isa = PBXGroup;
			children = (
				80CA955329DC7DDC00E11D9F /* DetailView.swift */,
				80CA955529DC7DE400E11D9F /* DetailInteractor.swift */,
				80CA955729DC7DEB00E11D9F /* DetailPresenter.swift */,
				80CA955B29DC7E0C00E11D9F /* DetailRouter.swift */,
			);
			path = NameDetail;
			sourceTree = "<group>";
		};
		8035CBB529DC3F9D00F03E02 /* Network Layer */ = {
			isa = PBXGroup;
			children = (
				8035CBB929DC407200F03E02 /* NetworkManager.swift */,
				8035CBB729DC3FAB00F03E02 /* NetoworkHelper.swift */,
			);
			path = "Network Layer";
			sourceTree = "<group>";
		};
		80CA955D29DC807300E11D9F /* Origin */ = {
			isa = PBXGroup;
			children = (
				8035CB9329DC3C5C00F03E02 /* AppDelegate.swift */,
				8035CB9529DC3C5C00F03E02 /* SceneDelegate.swift */,
				8035CB9E29DC3C5D00F03E02 /* LaunchScreen.storyboard */,
				8035CB9C29DC3C5D00F03E02 /* Assets.xcassets */,
				8035CBA129DC3C5D00F03E02 /* Info.plist */,
			);
			path = Origin;
			sourceTree = "<group>";
		};
		80CA956029DDA42A00E11D9F /* Extensions */ = {
			isa = PBXGroup;
			children = (
				80CA955E29DDA39D00E11D9F /* VC+Alert.swift */,
				80CA956129DDA44000E11D9F /* UILabel+Configure.swift */,
			);
			path = Extensions;
			sourceTree = "<group>";
		};
/* End PBXGroup section */

/* Begin PBXNativeTarget section */
		8035CB8F29DC3C5C00F03E02 /* NamesAndMeanings */ = {
			isa = PBXNativeTarget;
			buildConfigurationList = 8035CBA429DC3C5D00F03E02 /* Build configuration list for PBXNativeTarget "NamesAndMeanings" */;
			buildPhases = (
				8035CB8C29DC3C5C00F03E02 /* Sources */,
				8035CB8D29DC3C5C00F03E02 /* Frameworks */,
				8035CB8E29DC3C5C00F03E02 /* Resources */,
			);
			buildRules = (
			);
			dependencies = (
			);
			name = NamesAndMeanings;
			productName = NamesAndMeanings;
			productReference = 8035CB9029DC3C5C00F03E02 /* NamesAndMeanings.app */;
			productType = "com.apple.product-type.application";
		};
/* End PBXNativeTarget section */

/* Begin PBXProject section */
		8035CB8829DC3C5C00F03E02 /* Project object */ = {
			isa = PBXProject;
			attributes = {
				BuildIndependentTargetsInParallel = 1;
				LastSwiftUpdateCheck = 1430;
				LastUpgradeCheck = 1430;
				TargetAttributes = {
					8035CB8F29DC3C5C00F03E02 = {
						CreatedOnToolsVersion = 14.3;
					};
				};
			};
			buildConfigurationList = 8035CB8B29DC3C5C00F03E02 /* Build configuration list for PBXProject "NamesAndMeanings" */;
			compatibilityVersion = "Xcode 14.0";
			developmentRegion = en;
			hasScannedForEncodings = 0;
			knownRegions = (
				en,
				Base,
			);
			mainGroup = 8035CB8729DC3C5C00F03E02;
			productRefGroup = 8035CB9129DC3C5C00F03E02 /* Products */;
			projectDirPath = "";
			projectRoot = "";
			targets = (
				8035CB8F29DC3C5C00F03E02 /* NamesAndMeanings */,
			);
		};
/* End PBXProject section */

/* Begin PBXResourcesBuildPhase section */
		8035CB8E29DC3C5C00F03E02 /* Resources */ = {
			isa = PBXResourcesBuildPhase;
			buildActionMask = 2147483647;
			files = (
				8035CBA029DC3C5D00F03E02 /* LaunchScreen.storyboard in Resources */,
				8035CB9D29DC3C5D00F03E02 /* Assets.xcassets in Resources */,
			);
			runOnlyForDeploymentPostprocessing = 0;
		};
/* End PBXResourcesBuildPhase section */

/* Begin PBXSourcesBuildPhase section */
		8035CB8C29DC3C5C00F03E02 /* Sources */ = {
			isa = PBXSourcesBuildPhase;
			buildActionMask = 2147483647;
			files = (
				8035CBBA29DC407200F03E02 /* NetworkManager.swift in Sources */,
				80CA955629DC7DE400E11D9F /* DetailInteractor.swift in Sources */,
				8035CBB829DC3FAB00F03E02 /* NetoworkHelper.swift in Sources */,
				80CA955F29DDA39D00E11D9F /* VC+Alert.swift in Sources */,
				8035CBB229DC3CE200F03E02 /* ListEntity.swift in Sources */,
				80CA955429DC7DDC00E11D9F /* DetailView.swift in Sources */,
				80CA955C29DC7E0C00E11D9F /* DetailRouter.swift in Sources */,
				8035CBB429DC3CE900F03E02 /* ListRouter.swift in Sources */,
				8035CBB029DC3CD200F03E02 /* ListPresenter.swift in Sources */,
				80CA956229DDA44000E11D9F /* UILabel+Configure.swift in Sources */,
				8035CB9429DC3C5C00F03E02 /* AppDelegate.swift in Sources */,
				8035CB9629DC3C5C00F03E02 /* SceneDelegate.swift in Sources */,
				8035CBAE29DC3CCC00F03E02 /* ListInteractor.swift in Sources */,
				8035CBAC29DC3CC600F03E02 /* ListView.swift in Sources */,
				80CA955829DC7DEB00E11D9F /* DetailPresenter.swift in Sources */,
			);
			runOnlyForDeploymentPostprocessing = 0;
		};
/* End PBXSourcesBuildPhase section */

/* Begin PBXVariantGroup section */
		8035CB9E29DC3C5D00F03E02 /* LaunchScreen.storyboard */ = {
			isa = PBXVariantGroup;
			children = (
				8035CB9F29DC3C5D00F03E02 /* Base */,
			);
			name = LaunchScreen.storyboard;
			sourceTree = "<group>";
		};
/* End PBXVariantGroup section */

/* Begin XCBuildConfiguration section */
		8035CBA229DC3C5D00F03E02 /* Debug */ = {
			isa = XCBuildConfiguration;
			buildSettings = {
				ALWAYS_SEARCH_USER_PATHS = NO;
				CLANG_ANALYZER_NONNULL = YES;
				CLANG_ANALYZER_NUMBER_OBJECT_CONVERSION = YES_AGGRESSIVE;
				CLANG_CXX_LANGUAGE_STANDARD = "gnu++20";
				CLANG_ENABLE_MODULES = YES;
				CLANG_ENABLE_OBJC_ARC = YES;
				CLANG_ENABLE_OBJC_WEAK = YES;
				CLANG_WARN_BLOCK_CAPTURE_AUTORELEASING = YES;
				CLANG_WARN_BOOL_CONVERSION = YES;
				CLANG_WARN_COMMA = YES;
				CLANG_WARN_CONSTANT_CONVERSION = YES;
				CLANG_WARN_DEPRECATED_OBJC_IMPLEMENTATIONS = YES;
				CLANG_WARN_DIRECT_OBJC_ISA_USAGE = YES_ERROR;
				CLANG_WARN_DOCUMENTATION_COMMENTS = YES;
				CLANG_WARN_EMPTY_BODY = YES;
				CLANG_WARN_ENUM_CONVERSION = YES;
				CLANG_WARN_INFINITE_RECURSION = YES;
				CLANG_WARN_INT_CONVERSION = YES;
				CLANG_WARN_NON_LITERAL_NULL_CONVERSION = YES;
				CLANG_WARN_OBJC_IMPLICIT_RETAIN_SELF = YES;
				CLANG_WARN_OBJC_LITERAL_CONVERSION = YES;
				CLANG_WARN_OBJC_ROOT_CLASS = YES_ERROR;
				CLANG_WARN_QUOTED_INCLUDE_IN_FRAMEWORK_HEADER = YES;
				CLANG_WARN_RANGE_LOOP_ANALYSIS = YES;
				CLANG_WARN_STRICT_PROTOTYPES = YES;
				CLANG_WARN_SUSPICIOUS_MOVE = YES;
				CLANG_WARN_UNGUARDED_AVAILABILITY = YES_AGGRESSIVE;
				CLANG_WARN_UNREACHABLE_CODE = YES;
				CLANG_WARN__DUPLICATE_METHOD_MATCH = YES;
				COPY_PHASE_STRIP = NO;
				DEBUG_INFORMATION_FORMAT = dwarf;
				ENABLE_STRICT_OBJC_MSGSEND = YES;
				ENABLE_TESTABILITY = YES;
				GCC_C_LANGUAGE_STANDARD = gnu11;
				GCC_DYNAMIC_NO_PIC = NO;
				GCC_NO_COMMON_BLOCKS = YES;
				GCC_OPTIMIZATION_LEVEL = 0;
				GCC_PREPROCESSOR_DEFINITIONS = (
					"DEBUG=1",
					"$(inherited)",
				);
				GCC_WARN_64_TO_32_BIT_CONVERSION = YES;
				GCC_WARN_ABOUT_RETURN_TYPE = YES_ERROR;
				GCC_WARN_UNDECLARED_SELECTOR = YES;
				GCC_WARN_UNINITIALIZED_AUTOS = YES_AGGRESSIVE;
				GCC_WARN_UNUSED_FUNCTION = YES;
				GCC_WARN_UNUSED_VARIABLE = YES;
				IPHONEOS_DEPLOYMENT_TARGET = 16.4;
				MTL_ENABLE_DEBUG_INFO = INCLUDE_SOURCE;
				MTL_FAST_MATH = YES;
				ONLY_ACTIVE_ARCH = YES;
				SDKROOT = iphoneos;
				SWIFT_ACTIVE_COMPILATION_CONDITIONS = DEBUG;
				SWIFT_OPTIMIZATION_LEVEL = "-Onone";
			};
			name = Debug;
		};
		8035CBA329DC3C5D00F03E02 /* Release */ = {
			isa = XCBuildConfiguration;
			buildSettings = {
				ALWAYS_SEARCH_USER_PATHS = NO;
				CLANG_ANALYZER_NONNULL = YES;
				CLANG_ANALYZER_NUMBER_OBJECT_CONVERSION = YES_AGGRESSIVE;
				CLANG_CXX_LANGUAGE_STANDARD = "gnu++20";
				CLANG_ENABLE_MODULES = YES;
				CLANG_ENABLE_OBJC_ARC = YES;
				CLANG_ENABLE_OBJC_WEAK = YES;
				CLANG_WARN_BLOCK_CAPTURE_AUTORELEASING = YES;
				CLANG_WARN_BOOL_CONVERSION = YES;
				CLANG_WARN_COMMA = YES;
				CLANG_WARN_CONSTANT_CONVERSION = YES;
				CLANG_WARN_DEPRECATED_OBJC_IMPLEMENTATIONS = YES;
				CLANG_WARN_DIRECT_OBJC_ISA_USAGE = YES_ERROR;
				CLANG_WARN_DOCUMENTATION_COMMENTS = YES;
				CLANG_WARN_EMPTY_BODY = YES;
				CLANG_WARN_ENUM_CONVERSION = YES;
				CLANG_WARN_INFINITE_RECURSION = YES;
				CLANG_WARN_INT_CONVERSION = YES;
				CLANG_WARN_NON_LITERAL_NULL_CONVERSION = YES;
				CLANG_WARN_OBJC_IMPLICIT_RETAIN_SELF = YES;
				CLANG_WARN_OBJC_LITERAL_CONVERSION = YES;
				CLANG_WARN_OBJC_ROOT_CLASS = YES_ERROR;
				CLANG_WARN_QUOTED_INCLUDE_IN_FRAMEWORK_HEADER = YES;
				CLANG_WARN_RANGE_LOOP_ANALYSIS = YES;
				CLANG_WARN_STRICT_PROTOTYPES = YES;
				CLANG_WARN_SUSPICIOUS_MOVE = YES;
				CLANG_WARN_UNGUARDED_AVAILABILITY = YES_AGGRESSIVE;
				CLANG_WARN_UNREACHABLE_CODE = YES;
				CLANG_WARN__DUPLICATE_METHOD_MATCH = YES;
				COPY_PHASE_STRIP = NO;
				DEBUG_INFORMATION_FORMAT = "dwarf-with-dsym";
				ENABLE_NS_ASSERTIONS = NO;
				ENABLE_STRICT_OBJC_MSGSEND = YES;
				GCC_C_LANGUAGE_STANDARD = gnu11;
				GCC_NO_COMMON_BLOCKS = YES;
				GCC_WARN_64_TO_32_BIT_CONVERSION = YES;
				GCC_WARN_ABOUT_RETURN_TYPE = YES_ERROR;
				GCC_WARN_UNDECLARED_SELECTOR = YES;
				GCC_WARN_UNINITIALIZED_AUTOS = YES_AGGRESSIVE;
				GCC_WARN_UNUSED_FUNCTION = YES;
				GCC_WARN_UNUSED_VARIABLE = YES;
				IPHONEOS_DEPLOYMENT_TARGET = 16.4;
				MTL_ENABLE_DEBUG_INFO = NO;
				MTL_FAST_MATH = YES;
				SDKROOT = iphoneos;
				SWIFT_COMPILATION_MODE = wholemodule;
				SWIFT_OPTIMIZATION_LEVEL = "-O";
				VALIDATE_PRODUCT = YES;
			};
			name = Release;
		};
		8035CBA529DC3C5D00F03E02 /* Debug */ = {
			isa = XCBuildConfiguration;
			buildSettings = {
				ASSETCATALOG_COMPILER_APPICON_NAME = AppIcon;
				ASSETCATALOG_COMPILER_GLOBAL_ACCENT_COLOR_NAME = AccentColor;
				CODE_SIGN_STYLE = Automatic;
				CURRENT_PROJECT_VERSION = 1;
				DEVELOPMENT_TEAM = 936XSD7LYL;
				GENERATE_INFOPLIST_FILE = YES;
				INFOPLIST_FILE = NamesAndMeanings/Origin/Info.plist;
				INFOPLIST_KEY_UIApplicationSupportsIndirectInputEvents = YES;
				INFOPLIST_KEY_UILaunchStoryboardName = LaunchScreen;
				INFOPLIST_KEY_UISupportedInterfaceOrientations_iPad = "UIInterfaceOrientationPortrait UIInterfaceOrientationPortraitUpsideDown UIInterfaceOrientationLandscapeLeft UIInterfaceOrientationLandscapeRight";
				INFOPLIST_KEY_UISupportedInterfaceOrientations_iPhone = "UIInterfaceOrientationPortrait UIInterfaceOrientationLandscapeLeft UIInterfaceOrientationLandscapeRight";
				LD_RUNPATH_SEARCH_PATHS = (
					"$(inherited)",
					"@executable_path/Frameworks",
				);
				MARKETING_VERSION = 1.0;
				PRODUCT_BUNDLE_IDENTIFIER = ibrahimmbyrrm.NamesAndMeanings;
				PRODUCT_NAME = "$(TARGET_NAME)";
				SWIFT_EMIT_LOC_STRINGS = YES;
				SWIFT_VERSION = 5.0;
				TARGETED_DEVICE_FAMILY = "1,2";
			};
			name = Debug;
		};
		8035CBA629DC3C5D00F03E02 /* Release */ = {
			isa = XCBuildConfiguration;
			buildSettings = {
				ASSETCATALOG_COMPILER_APPICON_NAME = AppIcon;
				ASSETCATALOG_COMPILER_GLOBAL_ACCENT_COLOR_NAME = AccentColor;
				CODE_SIGN_STYLE = Automatic;
				CURRENT_PROJECT_VERSION = 1;
				DEVELOPMENT_TEAM = 936XSD7LYL;
				GENERATE_INFOPLIST_FILE = YES;
				INFOPLIST_FILE = NamesAndMeanings/Origin/Info.plist;
				INFOPLIST_KEY_UIApplicationSupportsIndirectInputEvents = YES;
				INFOPLIST_KEY_UILaunchStoryboardName = LaunchScreen;
				INFOPLIST_KEY_UISupportedInterfaceOrientations_iPad = "UIInterfaceOrientationPortrait UIInterfaceOrientationPortraitUpsideDown UIInterfaceOrientationLandscapeLeft UIInterfaceOrientationLandscapeRight";
				INFOPLIST_KEY_UISupportedInterfaceOrientations_iPhone = "UIInterfaceOrientationPortrait UIInterfaceOrientationLandscapeLeft UIInterfaceOrientationLandscapeRight";
				LD_RUNPATH_SEARCH_PATHS = (
					"$(inherited)",
					"@executable_path/Frameworks",
				);
				MARKETING_VERSION = 1.0;
				PRODUCT_BUNDLE_IDENTIFIER = ibrahimmbyrrm.NamesAndMeanings;
				PRODUCT_NAME = "$(TARGET_NAME)";
				SWIFT_EMIT_LOC_STRINGS = YES;
				SWIFT_VERSION = 5.0;
				TARGETED_DEVICE_FAMILY = "1,2";
			};
			name = Release;
		};
/* End XCBuildConfiguration section */

/* Begin XCConfigurationList section */
		8035CB8B29DC3C5C00F03E02 /* Build configuration list for PBXProject "NamesAndMeanings" */ = {
			isa = XCConfigurationList;
			buildConfigurations = (
				8035CBA229DC3C5D00F03E02 /* Debug */,
				8035CBA329DC3C5D00F03E02 /* Release */,
			);
			defaultConfigurationIsVisible = 0;
			defaultConfigurationName = Release;
		};
		8035CBA429DC3C5D00F03E02 /* Build configuration list for PBXNativeTarget "NamesAndMeanings" */ = {
			isa = XCConfigurationList;
			buildConfigurations = (
				8035CBA529DC3C5D00F03E02 /* Debug */,
				8035CBA629DC3C5D00F03E02 /* Release */,
			);
			defaultConfigurationIsVisible = 0;
			defaultConfigurationName = Release;
		};
/* End XCConfigurationList section */
	};
	rootObject = 8035CB8829DC3C5C00F03E02 /* Project object */;
}
